// !$*UTF8*$!
{
	archiveVersion = 1;
	classes = {
	};
	objectVersion = 55;
	objects = {

/* Begin PBXBuildFile section */
		F652D2F1280929C100C4CF40 /* Person.swift in Sources */ = {isa = PBXBuildFile; fileRef = F652D2F0280929C100C4CF40 /* Person.swift */; };
		F652D2F428092AE100C4CF40 /* ProfileViewModel.swift in Sources */ = {isa = PBXBuildFile; fileRef = F652D2F328092AE100C4CF40 /* ProfileViewModel.swift */; };
		F652D2F728092FB100C4CF40 /* ListProfileView.swift in Sources */ = {isa = PBXBuildFile; fileRef = F652D2F628092FB100C4CF40 /* ListProfileView.swift */; };
		F652D2F92809303100C4CF40 /* ListProfileViewModel.swift in Sources */ = {isa = PBXBuildFile; fileRef = F652D2F82809303100C4CF40 /* ListProfileViewModel.swift */; };
		F652D2FC28099E2500C4CF40 /* ModalAction.swift in Sources */ = {isa = PBXBuildFile; fileRef = F652D2FB28099E2500C4CF40 /* ModalAction.swift */; };
		F6816A2C2808521B002DB3AC /* ProfileCombinePracticeApp.swift in Sources */ = {isa = PBXBuildFile; fileRef = F6816A2B2808521B002DB3AC /* ProfileCombinePracticeApp.swift */; };
		F6816A2E2808521B002DB3AC /* ProfileView.swift in Sources */ = {isa = PBXBuildFile; fileRef = F6816A2D2808521B002DB3AC /* ProfileView.swift */; };
		F6816A302808521C002DB3AC /* Assets.xcassets in Resources */ = {isa = PBXBuildFile; fileRef = F6816A2F2808521C002DB3AC /* Assets.xcassets */; };
		F6816A332808521C002DB3AC /* Preview Assets.xcassets in Resources */ = {isa = PBXBuildFile; fileRef = F6816A322808521C002DB3AC /* Preview Assets.xcassets */; };
		F6816A3B280853B9002DB3AC /* Color+Ext.swift in Sources */ = {isa = PBXBuildFile; fileRef = F6816A3A280853B9002DB3AC /* Color+Ext.swift */; };
/* End PBXBuildFile section */

/* Begin PBXFileReference section */
		F652D2F0280929C100C4CF40 /* Person.swift */ = {isa = PBXFileReference; lastKnownFileType = sourcecode.swift; path = Person.swift; sourceTree = "<group>"; };
		F652D2F328092AE100C4CF40 /* ProfileViewModel.swift */ = {isa = PBXFileReference; lastKnownFileType = sourcecode.swift; path = ProfileViewModel.swift; sourceTree = "<group>"; };
		F652D2F628092FB100C4CF40 /* ListProfileView.swift */ = {isa = PBXFileReference; lastKnownFileType = sourcecode.swift; path = ListProfileView.swift; sourceTree = "<group>"; };
		F652D2F82809303100C4CF40 /* ListProfileViewModel.swift */ = {isa = PBXFileReference; lastKnownFileType = sourcecode.swift; path = ListProfileViewModel.swift; sourceTree = "<group>"; };
		F652D2FB28099E2500C4CF40 /* ModalAction.swift */ = {isa = PBXFileReference; lastKnownFileType = sourcecode.swift; path = ModalAction.swift; sourceTree = "<group>"; };
		F6816A282808521B002DB3AC /* ProfileCombinePractice.app */ = {isa = PBXFileReference; explicitFileType = wrapper.application; includeInIndex = 0; path = ProfileCombinePractice.app; sourceTree = BUILT_PRODUCTS_DIR; };
		F6816A2B2808521B002DB3AC /* ProfileCombinePracticeApp.swift */ = {isa = PBXFileReference; lastKnownFileType = sourcecode.swift; path = ProfileCombinePracticeApp.swift; sourceTree = "<group>"; };
		F6816A2D2808521B002DB3AC /* ProfileView.swift */ = {isa = PBXFileReference; lastKnownFileType = sourcecode.swift; path = ProfileView.swift; sourceTree = "<group>"; };
		F6816A2F2808521C002DB3AC /* Assets.xcassets */ = {isa = PBXFileReference; lastKnownFileType = folder.assetcatalog; path = Assets.xcassets; sourceTree = "<group>"; };
		F6816A322808521C002DB3AC /* Preview Assets.xcassets */ = {isa = PBXFileReference; lastKnownFileType = folder.assetcatalog; path = "Preview Assets.xcassets"; sourceTree = "<group>"; };
		F6816A3A280853B9002DB3AC /* Color+Ext.swift */ = {isa = PBXFileReference; lastKnownFileType = sourcecode.swift; path = "Color+Ext.swift"; sourceTree = "<group>"; };
/* End PBXFileReference section */

/* Begin PBXFrameworksBuildPhase section */
		F6816A252808521B002DB3AC /* Frameworks */ = {
			isa = PBXFrameworksBuildPhase;
			buildActionMask = 2147483647;
			files = (
			);
			runOnlyForDeploymentPostprocessing = 0;
		};
/* End PBXFrameworksBuildPhase section */

/* Begin PBXGroup section */
		F652D2EF280929B200C4CF40 /* Model */ = {
			isa = PBXGroup;
			children = (
				F652D2F0280929C100C4CF40 /* Person.swift */,
			);
			path = Model;
			sourceTree = "<group>";
		};
		F652D2F228092AC300C4CF40 /* ViewModel */ = {
			isa = PBXGroup;
			children = (
				F652D2F328092AE100C4CF40 /* ProfileViewModel.swift */,
				F652D2F82809303100C4CF40 /* ListProfileViewModel.swift */,
			);
			path = ViewModel;
			sourceTree = "<group>";
		};
		F652D2F528092F7D00C4CF40 /* View */ = {
			isa = PBXGroup;
			children = (
				F6816A2D2808521B002DB3AC /* ProfileView.swift */,
				F652D2F628092FB100C4CF40 /* ListProfileView.swift */,
			);
			path = View;
			sourceTree = "<group>";
		};
		F652D2FA28099E1000C4CF40 /* Utilities */ = {
			isa = PBXGroup;
			children = (
				F652D2FB28099E2500C4CF40 /* ModalAction.swift */,
			);
			path = Utilities;
			sourceTree = "<group>";
		};
		F6816A1F2808521B002DB3AC = {
			isa = PBXGroup;
			children = (
				F6816A2A2808521B002DB3AC /* ProfileCombinePractice */,
				F6816A292808521B002DB3AC /* Products */,
			);
			sourceTree = "<group>";
		};
		F6816A292808521B002DB3AC /* Products */ = {
			isa = PBXGroup;
			children = (
				F6816A282808521B002DB3AC /* ProfileCombinePractice.app */,
			);
			name = Products;
			sourceTree = "<group>";
		};
		F6816A2A2808521B002DB3AC /* ProfileCombinePractice */ = {
			isa = PBXGroup;
			children = (
				F652D2FA28099E1000C4CF40 /* Utilities */,
				F6816A39280853A7002DB3AC /* Extensions */,
				F652D2F228092AC300C4CF40 /* ViewModel */,
				F652D2EF280929B200C4CF40 /* Model */,
				F652D2F528092F7D00C4CF40 /* View */,
				F6816A2B2808521B002DB3AC /* ProfileCombinePracticeApp.swift */,
				F6816A2F2808521C002DB3AC /* Assets.xcassets */,
				F6816A312808521C002DB3AC /* Preview Content */,
			);
			path = ProfileCombinePractice;
			sourceTree = "<group>";
		};
		F6816A312808521C002DB3AC /* Preview Content */ = {
			isa = PBXGroup;
			children = (
				F6816A322808521C002DB3AC /* Preview Assets.xcassets */,
			);
			path = "Preview Content";
			sourceTree = "<group>";
		};
		F6816A39280853A7002DB3AC /* Extensions */ = {
			isa = PBXGroup;
			children = (
				F6816A3A280853B9002DB3AC /* Color+Ext.swift */,
			);
			path = Extensions;
			sourceTree = "<group>";
		};
/* End PBXGroup section */

/* Begin PBXNativeTarget section */
		F6816A272808521B002DB3AC /* ProfileCombinePractice */ = {
			isa = PBXNativeTarget;
			buildConfigurationList = F6816A362808521C002DB3AC /* Build configuration list for PBXNativeTarget "ProfileCombinePractice" */;
			buildPhases = (
				F6816A242808521B002DB3AC /* Sources */,
				F6816A252808521B002DB3AC /* Frameworks */,
				F6816A262808521B002DB3AC /* Resources */,
			);
			buildRules = (
			);
			dependencies = (
			);
			name = ProfileCombinePractice;
			productName = ProfileCombinePractice;
			productReference = F6816A282808521B002DB3AC /* ProfileCombinePractice.app */;
			productType = "com.apple.product-type.application";
		};
/* End PBXNativeTarget section */

/* Begin PBXProject section */
		F6816A202808521B002DB3AC /* Project object */ = {
			isa = PBXProject;
			attributes = {
				BuildIndependentTargetsInParallel = 1;
				LastSwiftUpdateCheck = 1330;
				LastUpgradeCheck = 1330;
				TargetAttributes = {
					F6816A272808521B002DB3AC = {
						CreatedOnToolsVersion = 13.3.1;
					};
				};
			};
			buildConfigurationList = F6816A232808521B002DB3AC /* Build configuration list for PBXProject "ProfileCombinePractice" */;
			compatibilityVersion = "Xcode 13.0";
			developmentRegion = en;
			hasScannedForEncodings = 0;
			knownRegions = (
				en,
				Base,
			);
			mainGroup = F6816A1F2808521B002DB3AC;
			productRefGroup = F6816A292808521B002DB3AC /* Products */;
			projectDirPath = "";
			projectRoot = "";
			targets = (
				F6816A272808521B002DB3AC /* ProfileCombinePractice */,
			);
		};
/* End PBXProject section */

/* Begin PBXResourcesBuildPhase section */
		F6816A262808521B002DB3AC /* Resources */ = {
			isa = PBXResourcesBuildPhase;
			buildActionMask = 2147483647;
			files = (
				F6816A332808521C002DB3AC /* Preview Assets.xcassets in Resources */,
				F6816A302808521C002DB3AC /* Assets.xcassets in Resources */,
			);
			runOnlyForDeploymentPostprocessing = 0;
		};
/* End PBXResourcesBuildPhase section */

/* Begin PBXSourcesBuildPhase section */
		F6816A242808521B002DB3AC /* Sources */ = {
			isa = PBXSourcesBuildPhase;
			buildActionMask = 2147483647;
			files = (
				F652D2F728092FB100C4CF40 /* ListProfileView.swift in Sources */,
				F6816A2E2808521B002DB3AC /* ProfileView.swift in Sources */,
				F6816A2C2808521B002DB3AC /* ProfileCombinePracticeApp.swift in Sources */,
				F652D2F1280929C100C4CF40 /* Person.swift in Sources */,
				F652D2F92809303100C4CF40 /* ListProfileViewModel.swift in Sources */,
				F6816A3B280853B9002DB3AC /* Color+Ext.swift in Sources */,
				F652D2F428092AE100C4CF40 /* ProfileViewModel.swift in Sources */,
				F652D2FC28099E2500C4CF40 /* ModalAction.swift in Sources */,
			);
			runOnlyForDeploymentPostprocessing = 0;
		};
/* End PBXSourcesBuildPhase section */

/* Begin XCBuildConfiguration section */
		F6816A342808521C002DB3AC /* Debug */ = {
			isa = XCBuildConfiguration;
			buildSettings = {
				ALWAYS_SEARCH_USER_PATHS = NO;
				CLANG_ANALYZER_NONNULL = YES;
				CLANG_ANALYZER_NUMBER_OBJECT_CONVERSION = YES_AGGRESSIVE;
				CLANG_CXX_LANGUAGE_STANDARD = "gnu++17";
				CLANG_ENABLE_MODULES = YES;
				CLANG_ENABLE_OBJC_ARC = YES;
				CLANG_ENABLE_OBJC_WEAK = YES;
				CLANG_WARN_BLOCK_CAPTURE_AUTORELEASING = YES;
				CLANG_WARN_BOOL_CONVERSION = YES;
				CLANG_WARN_COMMA = YES;
				CLANG_WARN_CONSTANT_CONVERSION = YES;
				CLANG_WARN_DEPRECATED_OBJC_IMPLEMENTATIONS = YES;
				CLANG_WARN_DIRECT_OBJC_ISA_USAGE = YES_ERROR;
				CLANG_WARN_DOCUMENTATION_COMMENTS = YES;
				CLANG_WARN_EMPTY_BODY = YES;
				CLANG_WARN_ENUM_CONVERSION = YES;
				CLANG_WARN_INFINITE_RECURSION = YES;
				CLANG_WARN_INT_CONVERSION = YES;
				CLANG_WARN_NON_LITERAL_NULL_CONVERSION = YES;
				CLANG_WARN_OBJC_IMPLICIT_RETAIN_SELF = YES;
				CLANG_WARN_OBJC_LITERAL_CONVERSION = YES;
				CLANG_WARN_OBJC_ROOT_CLASS = YES_ERROR;
				CLANG_WARN_QUOTED_INCLUDE_IN_FRAMEWORK_HEADER = YES;
				CLANG_WARN_RANGE_LOOP_ANALYSIS = YES;
				CLANG_WARN_STRICT_PROTOTYPES = YES;
				CLANG_WARN_SUSPICIOUS_MOVE = YES;
				CLANG_WARN_UNGUARDED_AVAILABILITY = YES_AGGRESSIVE;
				CLANG_WARN_UNREACHABLE_CODE = YES;
				CLANG_WARN__DUPLICATE_METHOD_MATCH = YES;
				COPY_PHASE_STRIP = NO;
				DEBUG_INFORMATION_FORMAT = dwarf;
				ENABLE_STRICT_OBJC_MSGSEND = YES;
				ENABLE_TESTABILITY = YES;
				GCC_C_LANGUAGE_STANDARD = gnu11;
				GCC_DYNAMIC_NO_PIC = NO;
				GCC_NO_COMMON_BLOCKS = YES;
				GCC_OPTIMIZATION_LEVEL = 0;
				GCC_PREPROCESSOR_DEFINITIONS = (
					"DEBUG=1",
					"$(inherited)",
				);
				GCC_WARN_64_TO_32_BIT_CONVERSION = YES;
				GCC_WARN_ABOUT_RETURN_TYPE = YES_ERROR;
				GCC_WARN_UNDECLARED_SELECTOR = YES;
				GCC_WARN_UNINITIALIZED_AUTOS = YES_AGGRESSIVE;
				GCC_WARN_UNUSED_FUNCTION = YES;
				GCC_WARN_UNUSED_VARIABLE = YES;
				IPHONEOS_DEPLOYMENT_TARGET = 15.4;
				MTL_ENABLE_DEBUG_INFO = INCLUDE_SOURCE;
				MTL_FAST_MATH = YES;
				ONLY_ACTIVE_ARCH = YES;
				SDKROOT = iphoneos;
				SWIFT_ACTIVE_COMPILATION_CONDITIONS = DEBUG;
				SWIFT_OPTIMIZATION_LEVEL = "-Onone";
			};
			name = Debug;
		};
		F6816A352808521C002DB3AC /* Release */ = {
			isa = XCBuildConfiguration;
			buildSettings = {
				ALWAYS_SEARCH_USER_PATHS = NO;
				CLANG_ANALYZER_NONNULL = YES;
				CLANG_ANALYZER_NUMBER_OBJECT_CONVERSION = YES_AGGRESSIVE;
				CLANG_CXX_LANGUAGE_STANDARD = "gnu++17";
				CLANG_ENABLE_MODULES = YES;
				CLANG_ENABLE_OBJC_ARC = YES;
				CLANG_ENABLE_OBJC_WEAK = YES;
				CLANG_WARN_BLOCK_CAPTURE_AUTORELEASING = YES;
				CLANG_WARN_BOOL_CONVERSION = YES;
				CLANG_WARN_COMMA = YES;
				CLANG_WARN_CONSTANT_CONVERSION = YES;
				CLANG_WARN_DEPRECATED_OBJC_IMPLEMENTATIONS = YES;
				CLANG_WARN_DIRECT_OBJC_ISA_USAGE = YES_ERROR;
				CLANG_WARN_DOCUMENTATION_COMMENTS = YES;
				CLANG_WARN_EMPTY_BODY = YES;
				CLANG_WARN_ENUM_CONVERSION = YES;
				CLANG_WARN_INFINITE_RECURSION = YES;
				CLANG_WARN_INT_CONVERSION = YES;
				CLANG_WARN_NON_LITERAL_NULL_CONVERSION = YES;
				CLANG_WARN_OBJC_IMPLICIT_RETAIN_SELF = YES;
				CLANG_WARN_OBJC_LITERAL_CONVERSION = YES;
				CLANG_WARN_OBJC_ROOT_CLASS = YES_ERROR;
				CLANG_WARN_QUOTED_INCLUDE_IN_FRAMEWORK_HEADER = YES;
				CLANG_WARN_RANGE_LOOP_ANALYSIS = YES;
				CLANG_WARN_STRICT_PROTOTYPES = YES;
				CLANG_WARN_SUSPICIOUS_MOVE = YES;
				CLANG_WARN_UNGUARDED_AVAILABILITY = YES_AGGRESSIVE;
				CLANG_WARN_UNREACHABLE_CODE = YES;
				CLANG_WARN__DUPLICATE_METHOD_MATCH = YES;
				COPY_PHASE_STRIP = NO;
				DEBUG_INFORMATION_FORMAT = "dwarf-with-dsym";
				ENABLE_NS_ASSERTIONS = NO;
				ENABLE_STRICT_OBJC_MSGSEND = YES;
				GCC_C_LANGUAGE_STANDARD = gnu11;
				GCC_NO_COMMON_BLOCKS = YES;
				GCC_WARN_64_TO_32_BIT_CONVERSION = YES;
				GCC_WARN_ABOUT_RETURN_TYPE = YES_ERROR;
				GCC_WARN_UNDECLARED_SELECTOR = YES;
				GCC_WARN_UNINITIALIZED_AUTOS = YES_AGGRESSIVE;
				GCC_WARN_UNUSED_FUNCTION = YES;
				GCC_WARN_UNUSED_VARIABLE = YES;
				IPHONEOS_DEPLOYMENT_TARGET = 15.4;
				MTL_ENABLE_DEBUG_INFO = NO;
				MTL_FAST_MATH = YES;
				SDKROOT = iphoneos;
				SWIFT_COMPILATION_MODE = wholemodule;
				SWIFT_OPTIMIZATION_LEVEL = "-O";
				VALIDATE_PRODUCT = YES;
			};
			name = Release;
		};
		F6816A372808521C002DB3AC /* Debug */ = {
			isa = XCBuildConfiguration;
			buildSettings = {
				ASSETCATALOG_COMPILER_APPICON_NAME = AppIcon;
				ASSETCATALOG_COMPILER_GLOBAL_ACCENT_COLOR_NAME = AccentColor;
				CODE_SIGN_STYLE = Automatic;
				CURRENT_PROJECT_VERSION = 1;
				DEVELOPMENT_ASSET_PATHS = "\"ProfileCombinePractice/Preview Content\"";
				DEVELOPMENT_TEAM = 8LYTF5ZZWZ;
				ENABLE_PREVIEWS = YES;
				GENERATE_INFOPLIST_FILE = YES;
				INFOPLIST_KEY_UIApplicationSceneManifest_Generation = YES;
				INFOPLIST_KEY_UIApplicationSupportsIndirectInputEvents = YES;
				INFOPLIST_KEY_UILaunchScreen_Generation = YES;
				INFOPLIST_KEY_UISupportedInterfaceOrientations_iPad = "UIInterfaceOrientationPortrait UIInterfaceOrientationPortraitUpsideDown UIInterfaceOrientationLandscapeLeft UIInterfaceOrientationLandscapeRight";
				INFOPLIST_KEY_UISupportedInterfaceOrientations_iPhone = "UIInterfaceOrientationPortrait UIInterfaceOrientationLandscapeLeft UIInterfaceOrientationLandscapeRight";
				LD_RUNPATH_SEARCH_PATHS = (
					"$(inherited)",
					"@executable_path/Frameworks",
				);
				MARKETING_VERSION = 1.0;
				PRODUCT_BUNDLE_IDENTIFIER = com.bhico.ProfileCombinePractice;
				PRODUCT_NAME = "$(TARGET_NAME)";
				SWIFT_EMIT_LOC_STRINGS = YES;
				SWIFT_VERSION = 5.0;
				TARGETED_DEVICE_FAMILY = "1,2";
			};
			name = Debug;
		};
		F6816A382808521C002DB3AC /* Release */ = {
			isa = XCBuildConfiguration;
			buildSettings = {
				ASSETCATALOG_COMPILER_APPICON_NAME = AppIcon;
				ASSETCATALOG_COMPILER_GLOBAL_ACCENT_COLOR_NAME = AccentColor;
				CODE_SIGN_STYLE = Automatic;
				CURRENT_PROJECT_VERSION = 1;
				DEVELOPMENT_ASSET_PATHS = "\"ProfileCombinePractice/Preview Content\"";
				DEVELOPMENT_TEAM = 8LYTF5ZZWZ;
				ENABLE_PREVIEWS = YES;
				GENERATE_INFOPLIST_FILE = YES;
				INFOPLIST_KEY_UIApplicationSceneManifest_Generation = YES;
				INFOPLIST_KEY_UIApplicationSupportsIndirectInputEvents = YES;
				INFOPLIST_KEY_UILaunchScreen_Generation = YES;
				INFOPLIST_KEY_UISupportedInterfaceOrientations_iPad = "UIInterfaceOrientationPortrait UIInterfaceOrientationPortraitUpsideDown UIInterfaceOrientationLandscapeLeft UIInterfaceOrientationLandscapeRight";
				INFOPLIST_KEY_UISupportedInterfaceOrientations_iPhone = "UIInterfaceOrientationPortrait UIInterfaceOrientationLandscapeLeft UIInterfaceOrientationLandscapeRight";
				LD_RUNPATH_SEARCH_PATHS = (
					"$(inherited)",
					"@executable_path/Frameworks",
				);
				MARKETING_VERSION = 1.0;
				PRODUCT_BUNDLE_IDENTIFIER = com.bhico.ProfileCombinePractice;
				PRODUCT_NAME = "$(TARGET_NAME)";
				SWIFT_EMIT_LOC_STRINGS = YES;
				SWIFT_VERSION = 5.0;
				TARGETED_DEVICE_FAMILY = "1,2";
			};
			name = Release;
		};
/* End XCBuildConfiguration section */

/* Begin XCConfigurationList section */
		F6816A232808521B002DB3AC /* Build configuration list for PBXProject "ProfileCombinePractice" */ = {
			isa = XCConfigurationList;
			buildConfigurations = (
				F6816A342808521C002DB3AC /* Debug */,
				F6816A352808521C002DB3AC /* Release */,
			);
			defaultConfigurationIsVisible = 0;
			defaultConfigurationName = Release;
		};
		F6816A362808521C002DB3AC /* Build configuration list for PBXNativeTarget "ProfileCombinePractice" */ = {
			isa = XCConfigurationList;
			buildConfigurations = (
				F6816A372808521C002DB3AC /* Debug */,
				F6816A382808521C002DB3AC /* Release */,
			);
			defaultConfigurationIsVisible = 0;
			defaultConfigurationName = Release;
		};
/* End XCConfigurationList section */
	};
	rootObject = F6816A202808521B002DB3AC /* Project object */;
}
